
Microsoft Visual Studio Solution File, Format Version 12.00
# Visual Studio Version 16
VisualStudioVersion = 16.0.29806.167
MinimumVisualStudioVersion = 10.0.40219.1
Project("{FAE04EC0-301F-11D3-BF4B-00C04F79EFBC}") = "TodoApp.MVVM", "TodoApp.MVVM.csproj", "{2164C766-06D0-496D-905A-CE71330A3787}"
EndProject
Project("{FAE04EC0-301F-11D3-BF4B-00C04F79EFBC}") = "TodoApp.MVVM.UnitTest", "..\TodoApp.MVVM.UnitTest\TodoApp.MVVM.UnitTest.csproj", "{28B289E4-46F0-476E-88BA-40125C142D1E}"
EndProject
Project("{FAE04EC0-301F-11D3-BF4B-00C04F79EFBC}") = "TodoApp.MVVM.IntegrationTests", "..\TodoApp.MVVM.IntegrationTests\TodoApp.MVVM.IntegrationTests.csproj", "{843FD57C-034B-4499-AA72-212ED6F69B48}"
EndProject
Global
	GlobalSection(SolutionConfigurationPlatforms) = preSolution
		Debug|Any CPU = Debug|Any CPU
		Release|Any CPU = Release|Any CPU
	EndGlobalSection
	GlobalSection(ProjectConfigurationPlatforms) = postSolution
		{2164C766-06D0-496D-905A-CE71330A3787}.Debug|Any CPU.ActiveCfg = Debug|Any CPU
		{2164C766-06D0-496D-905A-CE71330A3787}.Debug|Any CPU.Build.0 = Debug|Any CPU
		{2164C766-06D0-496D-905A-CE71330A3787}.Release|Any CPU.ActiveCfg = Release|Any CPU
		{2164C766-06D0-496D-905A-CE71330A3787}.Release|Any CPU.Build.0 = Release|Any CPU
		{28B289E4-46F0-476E-88BA-40125C142D1E}.Debug|Any CPU.ActiveCfg = Debug|Any CPU
		{28B289E4-46F0-476E-88BA-40125C142D1E}.Debug|Any CPU.Build.0 = Debug|Any CPU
		{28B289E4-46F0-476E-88BA-40125C142D1E}.Release|Any CPU.ActiveCfg = Release|Any CPU
		{28B289E4-46F0-476E-88BA-40125C142D1E}.Release|Any CPU.Build.0 = Release|Any CPU
		{843FD57C-034B-4499-AA72-212ED6F69B48}.Debug|Any CPU.ActiveCfg = Debug|Any CPU
		{843FD57C-034B-4499-AA72-212ED6F69B48}.Debug|Any CPU.Build.0 = Debug|Any CPU
		{843FD57C-034B-4499-AA72-212ED6F69B48}.Release|Any CPU.ActiveCfg = Release|Any CPU
		{843FD57C-034B-4499-AA72-212ED6F69B48}.Release|Any CPU.Build.0 = Release|Any CPU
	EndGlobalSection
	GlobalSection(SolutionProperties) = preSolution
		HideSolutionNode = FALSE
	EndGlobalSection
	GlobalSection(ExtensibilityGlobals) = postSolution
		SolutionGuid = {99DD7BEE-EC51-43C1-9729-83C55C19423C}
	EndGlobalSection
EndGlobal
